// !$*UTF8*$!
{
	archiveVersion = 1;
	classes = {
	};
	objectVersion = 55;
	objects = {

/* Begin PBXBuildFile section */
		AF272AC2288DAE0100CF8C05 /* CoreDataModel.xcdatamodeld in Sources */ = {isa = PBXBuildFile; fileRef = AF272AC0288DAE0100CF8C05 /* CoreDataModel.xcdatamodeld */; };
		AF272AC4288E84FA00CF8C05 /* CoreDataManager.swift in Sources */ = {isa = PBXBuildFile; fileRef = AF272AC3288E84FA00CF8C05 /* CoreDataManager.swift */; };
		AF272AC6288ED6FB00CF8C05 /* TodoListViewModel.swift in Sources */ = {isa = PBXBuildFile; fileRef = AF272AC5288ED6FB00CF8C05 /* TodoListViewModel.swift */; };
		AF272AC8289125BD00CF8C05 /* TimerViewModel.swift in Sources */ = {isa = PBXBuildFile; fileRef = AF272AC7289125BD00CF8C05 /* TimerViewModel.swift */; };
		AF272ACA289131A100CF8C05 /* TimeComponent.swift in Sources */ = {isa = PBXBuildFile; fileRef = AF272AC9289131A100CF8C05 /* TimeComponent.swift */; };
		AF272ACC28917F4200CF8C05 /* PickerComponent.swift in Sources */ = {isa = PBXBuildFile; fileRef = AF272ACB28917F4200CF8C05 /* PickerComponent.swift */; };
		AF272ACF2892E8A700CF8C05 /* FokusYukBGSong.mp3 in Resources */ = {isa = PBXBuildFile; fileRef = AF272ACE2892E8A700CF8C05 /* FokusYukBGSong.mp3 */; };
		AF272AD12892F6CB00CF8C05 /* CustomColor.swift in Sources */ = {isa = PBXBuildFile; fileRef = AF272AD02892F6CA00CF8C05 /* CustomColor.swift */; };
		AF8AF668288932D100ACFC93 /* NC2_William_YulioApp.swift in Sources */ = {isa = PBXBuildFile; fileRef = AF8AF667288932D100ACFC93 /* NC2_William_YulioApp.swift */; };
		AF8AF66A288932D100ACFC93 /* TodoListView.swift in Sources */ = {isa = PBXBuildFile; fileRef = AF8AF669288932D100ACFC93 /* TodoListView.swift */; };
		AF8AF66C288932D400ACFC93 /* Assets.xcassets in Resources */ = {isa = PBXBuildFile; fileRef = AF8AF66B288932D400ACFC93 /* Assets.xcassets */; };
		AF8AF66F288932D400ACFC93 /* Preview Assets.xcassets in Resources */ = {isa = PBXBuildFile; fileRef = AF8AF66E288932D400ACFC93 /* Preview Assets.xcassets */; };
		AF8AF68028895A5D00ACFC93 /* ColorExtension.swift in Sources */ = {isa = PBXBuildFile; fileRef = AF8AF67F28895A5D00ACFC93 /* ColorExtension.swift */; };
		AF8AF682288A797E00ACFC93 /* TodayGoalView.swift in Sources */ = {isa = PBXBuildFile; fileRef = AF8AF681288A797E00ACFC93 /* TodayGoalView.swift */; };
		AF8AF684288A9F5300ACFC93 /* NavigationBarModifier.swift in Sources */ = {isa = PBXBuildFile; fileRef = AF8AF683288A9F5300ACFC93 /* NavigationBarModifier.swift */; };
		AF8AF686288AF0DE00ACFC93 /* FocusTimeView.swift in Sources */ = {isa = PBXBuildFile; fileRef = AF8AF685288AF0DE00ACFC93 /* FocusTimeView.swift */; };
/* End PBXBuildFile section */

/* Begin PBXFileReference section */
		AF272AC1288DAE0100CF8C05 /* CoreDataModel.xcdatamodel */ = {isa = PBXFileReference; lastKnownFileType = wrapper.xcdatamodel; path = CoreDataModel.xcdatamodel; sourceTree = "<group>"; };
		AF272AC3288E84FA00CF8C05 /* CoreDataManager.swift */ = {isa = PBXFileReference; lastKnownFileType = sourcecode.swift; path = CoreDataManager.swift; sourceTree = "<group>"; };
		AF272AC5288ED6FB00CF8C05 /* TodoListViewModel.swift */ = {isa = PBXFileReference; lastKnownFileType = sourcecode.swift; path = TodoListViewModel.swift; sourceTree = "<group>"; };
		AF272AC7289125BD00CF8C05 /* TimerViewModel.swift */ = {isa = PBXFileReference; lastKnownFileType = sourcecode.swift; path = TimerViewModel.swift; sourceTree = "<group>"; };
		AF272AC9289131A100CF8C05 /* TimeComponent.swift */ = {isa = PBXFileReference; lastKnownFileType = sourcecode.swift; path = TimeComponent.swift; sourceTree = "<group>"; };
		AF272ACB28917F4200CF8C05 /* PickerComponent.swift */ = {isa = PBXFileReference; lastKnownFileType = sourcecode.swift; path = PickerComponent.swift; sourceTree = "<group>"; };
		AF272ACE2892E8A700CF8C05 /* FokusYukBGSong.mp3 */ = {isa = PBXFileReference; lastKnownFileType = audio.mp3; path = FokusYukBGSong.mp3; sourceTree = "<group>"; };
		AF272AD02892F6CA00CF8C05 /* CustomColor.swift */ = {isa = PBXFileReference; lastKnownFileType = sourcecode.swift; path = CustomColor.swift; sourceTree = "<group>"; };
		AF8AF664288932D100ACFC93 /* NC2 William Yulio.app */ = {isa = PBXFileReference; explicitFileType = wrapper.application; includeInIndex = 0; path = "NC2 William Yulio.app"; sourceTree = BUILT_PRODUCTS_DIR; };
		AF8AF667288932D100ACFC93 /* NC2_William_YulioApp.swift */ = {isa = PBXFileReference; lastKnownFileType = sourcecode.swift; path = NC2_William_YulioApp.swift; sourceTree = "<group>"; };
		AF8AF669288932D100ACFC93 /* TodoListView.swift */ = {isa = PBXFileReference; lastKnownFileType = sourcecode.swift; path = TodoListView.swift; sourceTree = "<group>"; };
		AF8AF66B288932D400ACFC93 /* Assets.xcassets */ = {isa = PBXFileReference; lastKnownFileType = folder.assetcatalog; path = Assets.xcassets; sourceTree = "<group>"; };
		AF8AF66E288932D400ACFC93 /* Preview Assets.xcassets */ = {isa = PBXFileReference; lastKnownFileType = folder.assetcatalog; path = "Preview Assets.xcassets"; sourceTree = "<group>"; };
		AF8AF67F28895A5D00ACFC93 /* ColorExtension.swift */ = {isa = PBXFileReference; lastKnownFileType = sourcecode.swift; path = ColorExtension.swift; sourceTree = "<group>"; };
		AF8AF681288A797E00ACFC93 /* TodayGoalView.swift */ = {isa = PBXFileReference; lastKnownFileType = sourcecode.swift; path = TodayGoalView.swift; sourceTree = "<group>"; };
		AF8AF683288A9F5300ACFC93 /* NavigationBarModifier.swift */ = {isa = PBXFileReference; lastKnownFileType = sourcecode.swift; path = NavigationBarModifier.swift; sourceTree = "<group>"; };
		AF8AF685288AF0DE00ACFC93 /* FocusTimeView.swift */ = {isa = PBXFileReference; lastKnownFileType = sourcecode.swift; path = FocusTimeView.swift; sourceTree = "<group>"; };
/* End PBXFileReference section */

/* Begin PBXFrameworksBuildPhase section */
		AF8AF661288932D100ACFC93 /* Frameworks */ = {
			isa = PBXFrameworksBuildPhase;
			buildActionMask = 2147483647;
			files = (
			);
			runOnlyForDeploymentPostprocessing = 0;
		};
/* End PBXFrameworksBuildPhase section */

/* Begin PBXGroup section */
		AF272ACD2892E88300CF8C05 /* Song */ = {
			isa = PBXGroup;
			children = (
				AF272ACE2892E8A700CF8C05 /* FokusYukBGSong.mp3 */,
			);
			path = Song;
			sourceTree = "<group>";
		};
		AF8AF65B288932D100ACFC93 = {
			isa = PBXGroup;
			children = (
				AF8AF666288932D100ACFC93 /* NC2 William Yulio */,
				AF8AF665288932D100ACFC93 /* Products */,
			);
			sourceTree = "<group>";
		};
		AF8AF665288932D100ACFC93 /* Products */ = {
			isa = PBXGroup;
			children = (
				AF8AF664288932D100ACFC93 /* NC2 William Yulio.app */,
			);
			name = Products;
			sourceTree = "<group>";
		};
		AF8AF666288932D100ACFC93 /* NC2 William Yulio */ = {
			isa = PBXGroup;
			children = (
				AF272ACD2892E88300CF8C05 /* Song */,
				AF8AF678288951CC00ACFC93 /* Common Model */,
				AF8AF677288951C000ACFC93 /* Helper */,
				AF8AF676288951AE00ACFC93 /* Utilities */,
				AF8AF6752889505500ACFC93 /* Feature */,
				AF8AF667288932D100ACFC93 /* NC2_William_YulioApp.swift */,
				AF8AF66B288932D400ACFC93 /* Assets.xcassets */,
				AF8AF66D288932D400ACFC93 /* Preview Content */,
			);
			path = "NC2 William Yulio";
			sourceTree = "<group>";
		};
		AF8AF66D288932D400ACFC93 /* Preview Content */ = {
			isa = PBXGroup;
			children = (
				AF8AF66E288932D400ACFC93 /* Preview Assets.xcassets */,
			);
			path = "Preview Content";
			sourceTree = "<group>";
		};
		AF8AF6752889505500ACFC93 /* Feature */ = {
			isa = PBXGroup;
			children = (
				AF8AF67A2889525800ACFC93 /* Focus Time */,
				AF8AF6792889524300ACFC93 /* Todo List */,
			);
			path = Feature;
			sourceTree = "<group>";
		};
		AF8AF676288951AE00ACFC93 /* Utilities */ = {
			isa = PBXGroup;
			children = (
				AF272AC3288E84FA00CF8C05 /* CoreDataManager.swift */,
			);
			path = Utilities;
			sourceTree = "<group>";
		};
		AF8AF677288951C000ACFC93 /* Helper */ = {
			isa = PBXGroup;
			children = (
				AF8AF67F28895A5D00ACFC93 /* ColorExtension.swift */,
				AF8AF683288A9F5300ACFC93 /* NavigationBarModifier.swift */,
				AF272AD02892F6CA00CF8C05 /* CustomColor.swift */,
			);
			path = Helper;
			sourceTree = "<group>";
		};
		AF8AF678288951CC00ACFC93 /* Common Model */ = {
			isa = PBXGroup;
			children = (
				AF272AC0288DAE0100CF8C05 /* CoreDataModel.xcdatamodeld */,
			);
			path = "Common Model";
			sourceTree = "<group>";
		};
		AF8AF6792889524300ACFC93 /* Todo List */ = {
			isa = PBXGroup;
			children = (
				AF8AF67E288952DE00ACFC93 /* ViewModel */,
				AF8AF67D288952D600ACFC93 /* View */,
			);
			path = "Todo List";
			sourceTree = "<group>";
		};
		AF8AF67A2889525800ACFC93 /* Focus Time */ = {
			isa = PBXGroup;
			children = (
				AF8AF67C288952A600ACFC93 /* ViewModel */,
				AF8AF67B2889529400ACFC93 /* View */,
			);
			path = "Focus Time";
			sourceTree = "<group>";
		};
		AF8AF67B2889529400ACFC93 /* View */ = {
			isa = PBXGroup;
			children = (
				AF8AF685288AF0DE00ACFC93 /* FocusTimeView.swift */,
				AF272AC9289131A100CF8C05 /* TimeComponent.swift */,
				AF272ACB28917F4200CF8C05 /* PickerComponent.swift */,
			);
			path = View;
			sourceTree = "<group>";
		};
		AF8AF67C288952A600ACFC93 /* ViewModel */ = {
			isa = PBXGroup;
			children = (
				AF272AC7289125BD00CF8C05 /* TimerViewModel.swift */,
			);
			path = ViewModel;
			sourceTree = "<group>";
		};
		AF8AF67D288952D600ACFC93 /* View */ = {
			isa = PBXGroup;
			children = (
				AF8AF669288932D100ACFC93 /* TodoListView.swift */,
				AF8AF681288A797E00ACFC93 /* TodayGoalView.swift */,
			);
			path = View;
			sourceTree = "<group>";
		};
		AF8AF67E288952DE00ACFC93 /* ViewModel */ = {
			isa = PBXGroup;
			children = (
				AF272AC5288ED6FB00CF8C05 /* TodoListViewModel.swift */,
			);
			path = ViewModel;
			sourceTree = "<group>";
		};
/* End PBXGroup section */

/* Begin PBXNativeTarget section */
		AF8AF663288932D100ACFC93 /* NC2 William Yulio */ = {
			isa = PBXNativeTarget;
			buildConfigurationList = AF8AF672288932D400ACFC93 /* Build configuration list for PBXNativeTarget "NC2 William Yulio" */;
			buildPhases = (
				AF8AF660288932D100ACFC93 /* Sources */,
				AF8AF661288932D100ACFC93 /* Frameworks */,
				AF8AF662288932D100ACFC93 /* Resources */,
			);
			buildRules = (
			);
			dependencies = (
			);
			name = "NC2 William Yulio";
			productName = "NC2 William Yulio";
			productReference = AF8AF664288932D100ACFC93 /* NC2 William Yulio.app */;
			productType = "com.apple.product-type.application";
		};
/* End PBXNativeTarget section */

/* Begin PBXProject section */
		AF8AF65C288932D100ACFC93 /* Project object */ = {
			isa = PBXProject;
			attributes = {
				BuildIndependentTargetsInParallel = 1;
				LastSwiftUpdateCheck = 1340;
				LastUpgradeCheck = 1340;
				TargetAttributes = {
					AF8AF663288932D100ACFC93 = {
						CreatedOnToolsVersion = 13.4.1;
					};
				};
			};
			buildConfigurationList = AF8AF65F288932D100ACFC93 /* Build configuration list for PBXProject "NC2 William Yulio" */;
			compatibilityVersion = "Xcode 13.0";
			developmentRegion = en;
			hasScannedForEncodings = 0;
			knownRegions = (
				en,
				Base,
			);
			mainGroup = AF8AF65B288932D100ACFC93;
			productRefGroup = AF8AF665288932D100ACFC93 /* Products */;
			projectDirPath = "";
			projectRoot = "";
			targets = (
				AF8AF663288932D100ACFC93 /* NC2 William Yulio */,
			);
		};
/* End PBXProject section */

/* Begin PBXResourcesBuildPhase section */
		AF8AF662288932D100ACFC93 /* Resources */ = {
			isa = PBXResourcesBuildPhase;
			buildActionMask = 2147483647;
			files = (
				AF8AF66F288932D400ACFC93 /* Preview Assets.xcassets in Resources */,
				AF272ACF2892E8A700CF8C05 /* FokusYukBGSong.mp3 in Resources */,
				AF8AF66C288932D400ACFC93 /* Assets.xcassets in Resources */,
			);
			runOnlyForDeploymentPostprocessing = 0;
		};
/* End PBXResourcesBuildPhase section */

/* Begin PBXSourcesBuildPhase section */
		AF8AF660288932D100ACFC93 /* Sources */ = {
			isa = PBXSourcesBuildPhase;
			buildActionMask = 2147483647;
			files = (
				AF8AF686288AF0DE00ACFC93 /* FocusTimeView.swift in Sources */,
				AF8AF684288A9F5300ACFC93 /* NavigationBarModifier.swift in Sources */,
				AF8AF68028895A5D00ACFC93 /* ColorExtension.swift in Sources */,
				AF272AD12892F6CB00CF8C05 /* CustomColor.swift in Sources */,
				AF272ACA289131A100CF8C05 /* TimeComponent.swift in Sources */,
				AF272AC6288ED6FB00CF8C05 /* TodoListViewModel.swift in Sources */,
				AF8AF682288A797E00ACFC93 /* TodayGoalView.swift in Sources */,
				AF8AF66A288932D100ACFC93 /* TodoListView.swift in Sources */,
				AF272AC4288E84FA00CF8C05 /* CoreDataManager.swift in Sources */,
				AF272AC8289125BD00CF8C05 /* TimerViewModel.swift in Sources */,
				AF272AC2288DAE0100CF8C05 /* CoreDataModel.xcdatamodeld in Sources */,
				AF8AF668288932D100ACFC93 /* NC2_William_YulioApp.swift in Sources */,
				AF272ACC28917F4200CF8C05 /* PickerComponent.swift in Sources */,
			);
			runOnlyForDeploymentPostprocessing = 0;
		};
/* End PBXSourcesBuildPhase section */

/* Begin XCBuildConfiguration section */
		AF8AF670288932D400ACFC93 /* Debug */ = {
			isa = XCBuildConfiguration;
			buildSettings = {
				ALWAYS_SEARCH_USER_PATHS = NO;
				CLANG_ANALYZER_NONNULL = YES;
				CLANG_ANALYZER_NUMBER_OBJECT_CONVERSION = YES_AGGRESSIVE;
				CLANG_CXX_LANGUAGE_STANDARD = "gnu++17";
				CLANG_ENABLE_MODULES = YES;
				CLANG_ENABLE_OBJC_ARC = YES;
				CLANG_ENABLE_OBJC_WEAK = YES;
				CLANG_WARN_BLOCK_CAPTURE_AUTORELEASING = YES;
				CLANG_WARN_BOOL_CONVERSION = YES;
				CLANG_WARN_COMMA = YES;
				CLANG_WARN_CONSTANT_CONVERSION = YES;
				CLANG_WARN_DEPRECATED_OBJC_IMPLEMENTATIONS = YES;
				CLANG_WARN_DIRECT_OBJC_ISA_USAGE = YES_ERROR;
				CLANG_WARN_DOCUMENTATION_COMMENTS = YES;
				CLANG_WARN_EMPTY_BODY = YES;
				CLANG_WARN_ENUM_CONVERSION = YES;
				CLANG_WARN_INFINITE_RECURSION = YES;
				CLANG_WARN_INT_CONVERSION = YES;
				CLANG_WARN_NON_LITERAL_NULL_CONVERSION = YES;
				CLANG_WARN_OBJC_IMPLICIT_RETAIN_SELF = YES;
				CLANG_WARN_OBJC_LITERAL_CONVERSION = YES;
				CLANG_WARN_OBJC_ROOT_CLASS = YES_ERROR;
				CLANG_WARN_QUOTED_INCLUDE_IN_FRAMEWORK_HEADER = YES;
				CLANG_WARN_RANGE_LOOP_ANALYSIS = YES;
				CLANG_WARN_STRICT_PROTOTYPES = YES;
				CLANG_WARN_SUSPICIOUS_MOVE = YES;
				CLANG_WARN_UNGUARDED_AVAILABILITY = YES_AGGRESSIVE;
				CLANG_WARN_UNREACHABLE_CODE = YES;
				CLANG_WARN__DUPLICATE_METHOD_MATCH = YES;
				COPY_PHASE_STRIP = NO;
				DEBUG_INFORMATION_FORMAT = dwarf;
				ENABLE_STRICT_OBJC_MSGSEND = YES;
				ENABLE_TESTABILITY = YES;
				GCC_C_LANGUAGE_STANDARD = gnu11;
				GCC_DYNAMIC_NO_PIC = NO;
				GCC_NO_COMMON_BLOCKS = YES;
				GCC_OPTIMIZATION_LEVEL = 0;
				GCC_PREPROCESSOR_DEFINITIONS = (
					"DEBUG=1",
					"$(inherited)",
				);
				GCC_WARN_64_TO_32_BIT_CONVERSION = YES;
				GCC_WARN_ABOUT_RETURN_TYPE = YES_ERROR;
				GCC_WARN_UNDECLARED_SELECTOR = YES;
				GCC_WARN_UNINITIALIZED_AUTOS = YES_AGGRESSIVE;
				GCC_WARN_UNUSED_FUNCTION = YES;
				GCC_WARN_UNUSED_VARIABLE = YES;
				IPHONEOS_DEPLOYMENT_TARGET = 15.5;
				MTL_ENABLE_DEBUG_INFO = INCLUDE_SOURCE;
				MTL_FAST_MATH = YES;
				ONLY_ACTIVE_ARCH = YES;
				SDKROOT = iphoneos;
				SWIFT_ACTIVE_COMPILATION_CONDITIONS = DEBUG;
				SWIFT_OPTIMIZATION_LEVEL = "-Onone";
			};
			name = Debug;
		};
		AF8AF671288932D400ACFC93 /* Release */ = {
			isa = XCBuildConfiguration;
			buildSettings = {
				ALWAYS_SEARCH_USER_PATHS = NO;
				CLANG_ANALYZER_NONNULL = YES;
				CLANG_ANALYZER_NUMBER_OBJECT_CONVERSION = YES_AGGRESSIVE;
				CLANG_CXX_LANGUAGE_STANDARD = "gnu++17";
				CLANG_ENABLE_MODULES = YES;
				CLANG_ENABLE_OBJC_ARC = YES;
				CLANG_ENABLE_OBJC_WEAK = YES;
				CLANG_WARN_BLOCK_CAPTURE_AUTORELEASING = YES;
				CLANG_WARN_BOOL_CONVERSION = YES;
				CLANG_WARN_COMMA = YES;
				CLANG_WARN_CONSTANT_CONVERSION = YES;
				CLANG_WARN_DEPRECATED_OBJC_IMPLEMENTATIONS = YES;
				CLANG_WARN_DIRECT_OBJC_ISA_USAGE = YES_ERROR;
				CLANG_WARN_DOCUMENTATION_COMMENTS = YES;
				CLANG_WARN_EMPTY_BODY = YES;
				CLANG_WARN_ENUM_CONVERSION = YES;
				CLANG_WARN_INFINITE_RECURSION = YES;
				CLANG_WARN_INT_CONVERSION = YES;
				CLANG_WARN_NON_LITERAL_NULL_CONVERSION = YES;
				CLANG_WARN_OBJC_IMPLICIT_RETAIN_SELF = YES;
				CLANG_WARN_OBJC_LITERAL_CONVERSION = YES;
				CLANG_WARN_OBJC_ROOT_CLASS = YES_ERROR;
				CLANG_WARN_QUOTED_INCLUDE_IN_FRAMEWORK_HEADER = YES;
				CLANG_WARN_RANGE_LOOP_ANALYSIS = YES;
				CLANG_WARN_STRICT_PROTOTYPES = YES;
				CLANG_WARN_SUSPICIOUS_MOVE = YES;
				CLANG_WARN_UNGUARDED_AVAILABILITY = YES_AGGRESSIVE;
				CLANG_WARN_UNREACHABLE_CODE = YES;
				CLANG_WARN__DUPLICATE_METHOD_MATCH = YES;
				COPY_PHASE_STRIP = NO;
				DEBUG_INFORMATION_FORMAT = "dwarf-with-dsym";
				ENABLE_NS_ASSERTIONS = NO;
				ENABLE_STRICT_OBJC_MSGSEND = YES;
				GCC_C_LANGUAGE_STANDARD = gnu11;
				GCC_NO_COMMON_BLOCKS = YES;
				GCC_WARN_64_TO_32_BIT_CONVERSION = YES;
				GCC_WARN_ABOUT_RETURN_TYPE = YES_ERROR;
				GCC_WARN_UNDECLARED_SELECTOR = YES;
				GCC_WARN_UNINITIALIZED_AUTOS = YES_AGGRESSIVE;
				GCC_WARN_UNUSED_FUNCTION = YES;
				GCC_WARN_UNUSED_VARIABLE = YES;
				IPHONEOS_DEPLOYMENT_TARGET = 15.5;
				MTL_ENABLE_DEBUG_INFO = NO;
				MTL_FAST_MATH = YES;
				SDKROOT = iphoneos;
				SWIFT_COMPILATION_MODE = wholemodule;
				SWIFT_OPTIMIZATION_LEVEL = "-O";
				VALIDATE_PRODUCT = YES;
			};
			name = Release;
		};
		AF8AF673288932D400ACFC93 /* Debug */ = {
			isa = XCBuildConfiguration;
			buildSettings = {
				ASSETCATALOG_COMPILER_APPICON_NAME = AppIcon;
				ASSETCATALOG_COMPILER_GLOBAL_ACCENT_COLOR_NAME = AccentColor;
				CODE_SIGN_STYLE = Automatic;
				CURRENT_PROJECT_VERSION = 1;
				DEVELOPMENT_ASSET_PATHS = "\"NC2 William Yulio/Preview Content\"";
				DEVELOPMENT_TEAM = 86C7H55255;
				ENABLE_PREVIEWS = YES;
				GENERATE_INFOPLIST_FILE = YES;
				INFOPLIST_KEY_UIApplicationSceneManifest_Generation = YES;
				INFOPLIST_KEY_UIApplicationSupportsIndirectInputEvents = YES;
				INFOPLIST_KEY_UILaunchScreen_Generation = YES;
				INFOPLIST_KEY_UISupportedInterfaceOrientations_iPad = "UIInterfaceOrientationPortrait UIInterfaceOrientationPortraitUpsideDown UIInterfaceOrientationLandscapeLeft UIInterfaceOrientationLandscapeRight";
				INFOPLIST_KEY_UISupportedInterfaceOrientations_iPhone = "UIInterfaceOrientationPortrait UIInterfaceOrientationLandscapeLeft UIInterfaceOrientationLandscapeRight";
				LD_RUNPATH_SEARCH_PATHS = (
					"$(inherited)",
					"@executable_path/Frameworks",
				);
				MARKETING_VERSION = 1.0;
				PRODUCT_BUNDLE_IDENTIFIER = "com.NanoChallenge2.NC2-William-Yulio";
				PRODUCT_NAME = "NC2 William Yulio";
				SWIFT_EMIT_LOC_STRINGS = YES;
				SWIFT_VERSION = 5.0;
				TARGETED_DEVICE_FAMILY = "1,2";
			};
			name = Debug;
		};
		AF8AF674288932D400ACFC93 /* Release */ = {
			isa = XCBuildConfiguration;
			buildSettings = {
				ASSETCATALOG_COMPILER_APPICON_NAME = AppIcon;
				ASSETCATALOG_COMPILER_GLOBAL_ACCENT_COLOR_NAME = AccentColor;
				CODE_SIGN_STYLE = Automatic;
				CURRENT_PROJECT_VERSION = 1;
				DEVELOPMENT_ASSET_PATHS = "\"NC2 William Yulio/Preview Content\"";
				DEVELOPMENT_TEAM = 86C7H55255;
				ENABLE_PREVIEWS = YES;
				GENERATE_INFOPLIST_FILE = YES;
				INFOPLIST_KEY_UIApplicationSceneManifest_Generation = YES;
				INFOPLIST_KEY_UIApplicationSupportsIndirectInputEvents = YES;
				INFOPLIST_KEY_UILaunchScreen_Generation = YES;
				INFOPLIST_KEY_UISupportedInterfaceOrientations_iPad = "UIInterfaceOrientationPortrait UIInterfaceOrientationPortraitUpsideDown UIInterfaceOrientationLandscapeLeft UIInterfaceOrientationLandscapeRight";
				INFOPLIST_KEY_UISupportedInterfaceOrientations_iPhone = "UIInterfaceOrientationPortrait UIInterfaceOrientationLandscapeLeft UIInterfaceOrientationLandscapeRight";
				LD_RUNPATH_SEARCH_PATHS = (
					"$(inherited)",
					"@executable_path/Frameworks",
				);
				MARKETING_VERSION = 1.0;
				PRODUCT_BUNDLE_IDENTIFIER = "com.NanoChallenge2.NC2-William-Yulio";
				PRODUCT_NAME = "NC2 William Yulio";
				SWIFT_EMIT_LOC_STRINGS = YES;
				SWIFT_VERSION = 5.0;
				TARGETED_DEVICE_FAMILY = "1,2";
			};
			name = Release;
		};
/* End XCBuildConfiguration section */

/* Begin XCConfigurationList section */
		AF8AF65F288932D100ACFC93 /* Build configuration list for PBXProject "NC2 William Yulio" */ = {
			isa = XCConfigurationList;
			buildConfigurations = (
				AF8AF670288932D400ACFC93 /* Debug */,
				AF8AF671288932D400ACFC93 /* Release */,
			);
			defaultConfigurationIsVisible = 0;
			defaultConfigurationName = Release;
		};
		AF8AF672288932D400ACFC93 /* Build configuration list for PBXNativeTarget "NC2 William Yulio" */ = {
			isa = XCConfigurationList;
			buildConfigurations = (
				AF8AF673288932D400ACFC93 /* Debug */,
				AF8AF674288932D400ACFC93 /* Release */,
			);
			defaultConfigurationIsVisible = 0;
			defaultConfigurationName = Release;
		};
/* End XCConfigurationList section */

/* Begin XCVersionGroup section */
		AF272AC0288DAE0100CF8C05 /* CoreDataModel.xcdatamodeld */ = {
			isa = XCVersionGroup;
			children = (
				AF272AC1288DAE0100CF8C05 /* CoreDataModel.xcdatamodel */,
			);
			currentVersion = AF272AC1288DAE0100CF8C05 /* CoreDataModel.xcdatamodel */;
			path = CoreDataModel.xcdatamodeld;
			sourceTree = "<group>";
			versionGroupType = wrapper.xcdatamodel;
		};
/* End XCVersionGroup section */
	};
	rootObject = AF8AF65C288932D100ACFC93 /* Project object */;
}
